// !$*UTF8*$!
{
	archiveVersion = 1;
	classes = {
	};
	objectVersion = 77;
	objects = {

/* Begin PBXBuildFile section */
		2D7F15811522997E239B4F04 /* LiveWalkthroughTests.swift in Sources */ = {isa = PBXBuildFile; fileRef = A2956D3098B54CB7B9781E6A /* LiveWalkthroughTests.swift */; };
		930A4EDD8619DD0A4BFA9B0F /* EventSignup in Frameworks */ = {isa = PBXBuildFile; productRef = D7C8B6035D21F2F4CD58D342 /* EventSignup */; };
		BA3CCEB76CED8DC9B13BA293 /* EventSignupApp.swift in Sources */ = {isa = PBXBuildFile; fileRef = 4EA2CDD68E2C19EED2F350E4 /* EventSignupApp.swift */; };
/* End PBXBuildFile section */

/* Begin PBXContainerItemProxy section */
		55430727A4BE2B4497B7D0D6 /* PBXContainerItemProxy */ = {
			isa = PBXContainerItemProxy;
			containerPortal = EC6FDC62689CD3001C13ED72 /* Project object */;
			proxyType = 1;
			remoteGlobalIDString = BECA591FE6B09011F25B3C84;
			remoteInfo = EventSignupApp;
		};
/* End PBXContainerItemProxy section */

/* Begin PBXFileReference section */
		03B6867830E04F8197D5CA1B /* EventSignup */ = {isa = PBXFileReference; lastKnownFileType = folder; name = EventSignup; path = ../EventSignup; sourceTree = SOURCE_ROOT; };
		4EA2CDD68E2C19EED2F350E4 /* EventSignupApp.swift */ = {isa = PBXFileReference; lastKnownFileType = sourcecode.swift; path = EventSignupApp.swift; sourceTree = "<group>"; };
		5B077C30E0D16EA84ACE9D1F /* EventSignupApp.app */ = {isa = PBXFileReference; includeInIndex = 0; lastKnownFileType = wrapper.application; path = EventSignupApp.app; sourceTree = BUILT_PRODUCTS_DIR; };
		8B134EE8135E761E7CE7F939 /* Info.plist */ = {isa = PBXFileReference; lastKnownFileType = text.plist; path = Info.plist; sourceTree = "<group>"; };
		A2956D3098B54CB7B9781E6A /* LiveWalkthroughTests.swift */ = {isa = PBXFileReference; lastKnownFileType = sourcecode.swift; path = LiveWalkthroughTests.swift; sourceTree = "<group>"; };
		A74C3747DDC9376592705B78 /* EventSignupAppUITests.xctest */ = {isa = PBXFileReference; includeInIndex = 0; lastKnownFileType = wrapper.cfbundle; path = EventSignupAppUITests.xctest; sourceTree = BUILT_PRODUCTS_DIR; };
/* End PBXFileReference section */

/* Begin PBXFrameworksBuildPhase section */
		890D8C7143212B8F1B906F11 /* Frameworks */ = {
			isa = PBXFrameworksBuildPhase;
			buildActionMask = 2147483647;
			files = (
				930A4EDD8619DD0A4BFA9B0F /* EventSignup in Frameworks */,
			);
			runOnlyForDeploymentPostprocessing = 0;
		};
/* End PBXFrameworksBuildPhase section */

/* Begin PBXGroup section */
		0EE396AC901D462895226D04 /* Packages */ = {
			isa = PBXGroup;
			children = (
				03B6867830E04F8197D5CA1B /* EventSignup */,
			);
			name = Packages;
			sourceTree = "<group>";
		};
		14B792CDCC9B41794197B8EE = {
			isa = PBXGroup;
			children = (
				30A6C6CFA130A780576A6DBF /* EventSignupApp */,
				F5776DC4EE9F1E87D368CD5B /* EventSignupAppUITests */,
				0EE396AC901D462895226D04 /* Packages */,
				CB1D1EBD4C00B418DC31144D /* Products */,
			);
			sourceTree = "<group>";
		};
		30A6C6CFA130A780576A6DBF /* EventSignupApp */ = {
			isa = PBXGroup;
			children = (
				4EA2CDD68E2C19EED2F350E4 /* EventSignupApp.swift */,
				8B134EE8135E761E7CE7F939 /* Info.plist */,
			);
			path = EventSignupApp;
			sourceTree = "<group>";
		};
		CB1D1EBD4C00B418DC31144D /* Products */ = {
			isa = PBXGroup;
			children = (
				5B077C30E0D16EA84ACE9D1F /* EventSignupApp.app */,
				A74C3747DDC9376592705B78 /* EventSignupAppUITests.xctest */,
			);
			name = Products;
			sourceTree = "<group>";
		};
		F5776DC4EE9F1E87D368CD5B /* EventSignupAppUITests */ = {
			isa = PBXGroup;
			children = (
				A2956D3098B54CB7B9781E6A /* LiveWalkthroughTests.swift */,
			);
			path = EventSignupAppUITests;
			sourceTree = "<group>";
		};
/* End PBXGroup section */

/* Begin PBXNativeTarget section */
		60D83D85A7A993594CFD2BAD /* EventSignupAppUITests */ = {
			isa = PBXNativeTarget;
			buildConfigurationList = 18EA6253D982D491D6FC9582 /* Build configuration list for PBXNativeTarget "EventSignupAppUITests" */;
			buildPhases = (
				5946B7FBE432C4ABEC3D3F2F /* Sources */,
			);
			buildRules = (
			);
			dependencies = (
				72F60FAE09A27349D0383E61 /* PBXTargetDependency */,
			);
			name = EventSignupAppUITests;
			packageProductDependencies = (
			);
			productName = EventSignupAppUITests;
			productReference = A74C3747DDC9376592705B78 /* EventSignupAppUITests.xctest */;
			productType = "com.apple.product-type.bundle.ui-testing";
		};
		BECA591FE6B09011F25B3C84 /* EventSignupApp */ = {
			isa = PBXNativeTarget;
			buildConfigurationList = C26E09504E0BD919CEF6519A /* Build configuration list for PBXNativeTarget "EventSignupApp" */;
			buildPhases = (
				45EB3CD2C9A322A77F133587 /* Sources */,
				890D8C7143212B8F1B906F11 /* Frameworks */,
			);
			buildRules = (
			);
			dependencies = (
			);
			name = EventSignupApp;
			packageProductDependencies = (
				D7C8B6035D21F2F4CD58D342 /* EventSignup */,
			);
			productName = EventSignupApp;
			productReference = 5B077C30E0D16EA84ACE9D1F /* EventSignupApp.app */;
			productType = "com.apple.product-type.application";
		};
/* End PBXNativeTarget section */

/* Begin PBXProject section */
		EC6FDC62689CD3001C13ED72 /* Project object */ = {
			isa = PBXProject;
			attributes = {
				BuildIndependentTargetsInParallel = YES;
				LastUpgradeCheck = 1430;
				TargetAttributes = {
					60D83D85A7A993594CFD2BAD = {
						TestTargetID = BECA591FE6B09011F25B3C84;
					};
				};
			};
			buildConfigurationList = 1DE83B3360CD8E36E5F7B78F /* Build configuration list for PBXProject "EventSignupApp" */;
			developmentRegion = en;
			hasScannedForEncodings = 0;
			knownRegions = (
				Base,
				en,
			);
			mainGroup = 14B792CDCC9B41794197B8EE;
			minimizedProjectReferenceProxies = 1;
			packageReferences = (
				E3CA68D567910772985C3C5F /* XCLocalSwiftPackageReference "../EventSignup" */,
			);
			preferredProjectObjectVersion = 77;
			productRefGroup = CB1D1EBD4C00B418DC31144D /* Products */;
			projectDirPath = "";
			projectRoot = "";
			targets = (
				BECA591FE6B09011F25B3C84 /* EventSignupApp */,
				60D83D85A7A993594CFD2BAD /* EventSignupAppUITests */,
			);
		};
/* End PBXProject section */

/* Begin PBXSourcesBuildPhase section */
		45EB3CD2C9A322A77F133587 /* Sources */ = {
			isa = PBXSourcesBuildPhase;
			buildActionMask = 2147483647;
			files = (
				BA3CCEB76CED8DC9B13BA293 /* EventSignupApp.swift in Sources */,
			);
			runOnlyForDeploymentPostprocessing = 0;
		};
		5946B7FBE432C4ABEC3D3F2F /* Sources */ = {
			isa = PBXSourcesBuildPhase;
			buildActionMask = 2147483647;
			files = (
				2D7F15811522997E239B4F04 /* LiveWalkthroughTests.swift in Sources */,
			);
			runOnlyForDeploymentPostprocessing = 0;
		};
/* End PBXSourcesBuildPhase section */

/* Begin PBXTargetDependency section */
		72F60FAE09A27349D0383E61 /* PBXTargetDependency */ = {
			isa = PBXTargetDependency;
			target = BECA591FE6B09011F25B3C84 /* EventSignupApp */;
			targetProxy = 55430727A4BE2B4497B7D0D6 /* PBXContainerItemProxy */;
		};
/* End PBXTargetDependency section */

/* Begin XCBuildConfiguration section */
		0F2CA08712014283077818FD /* Release */ = {
			isa = XCBuildConfiguration;
			buildSettings = {
				API_BASE_URL = "https://event-signup.n913239.workers.dev";
				ASSETCATALOG_COMPILER_APPICON_NAME = AppIcon;
				CODE_SIGN_IDENTITY = "iPhone Developer";
				CURRENT_PROJECT_VERSION = 1;
				GENERATE_INFOPLIST_FILE = YES;
				INFOPLIST_FILE = EventSignupApp/Info.plist;
				INFOPLIST_KEY_NSAppTransportSecurity = "";
				INFOPLIST_KEY_UILaunchScreen_Generation = YES;
				LD_RUNPATH_SEARCH_PATHS = (
					"$(inherited)",
					"@executable_path/Frameworks",
				);
				MARKETING_VERSION = 0.1.0;
				PRODUCT_BUNDLE_IDENTIFIER = dev.eventsignup.EventSignupApp;
				SDKROOT = iphoneos;
				TARGETED_DEVICE_FAMILY = "1,2";
			};
			name = Release;
		};
		3349449D0A7E9617F1F17AEB /* Release */ = {
			isa = XCBuildConfiguration;
			buildSettings = {
				BUNDLE_LOADER = "$(TEST_HOST)";
				GENERATE_INFOPLIST_FILE = YES;
				LD_RUNPATH_SEARCH_PATHS = (
					"$(inherited)",
					"@executable_path/Frameworks",
					"@loader_path/Frameworks",
				);
				PRODUCT_BUNDLE_IDENTIFIER = dev.eventsignup.EventSignupAppUITests;
				SDKROOT = iphoneos;
				TARGETED_DEVICE_FAMILY = "1,2";
				TEST_TARGET_NAME = EventSignupApp;
			};
			name = Release;
		};
		55E0DEF081197DE8FB6670DF /* Debug */ = {
			isa = XCBuildConfiguration;
			buildSettings = {
				API_BASE_URL = "https://event-signup.n913239.workers.dev";
				ASSETCATALOG_COMPILER_APPICON_NAME = AppIcon;
				CODE_SIGN_IDENTITY = "iPhone Developer";
				CURRENT_PROJECT_VERSION = 1;
				GENERATE_INFOPLIST_FILE = YES;
				INFOPLIST_FILE = EventSignupApp/Info.plist;
				INFOPLIST_KEY_NSAppTransportSecurity = "";
				INFOPLIST_KEY_UILaunchScreen_Generation = YES;
				LD_RUNPATH_SEARCH_PATHS = (
					"$(inherited)",
					"@executable_path/Frameworks",
				);
				MARKETING_VERSION = 0.1.0;
				PRODUCT_BUNDLE_IDENTIFIER = dev.eventsignup.EventSignupApp;
				SDKROOT = iphoneos;
				TARGETED_DEVICE_FAMILY = "1,2";
			};
			name = Debug;
		};
		9F925EB5332FFC5E0723E249 /* Debug */ = {
			isa = XCBuildConfiguration;
			buildSettings = {
				BUNDLE_LOADER = "$(TEST_HOST)";
				GENERATE_INFOPLIST_FILE = YES;
				LD_RUNPATH_SEARCH_PATHS = (
					"$(inherited)",
					"@executable_path/Frameworks",
					"@loader_path/Frameworks",
				);
				PRODUCT_BUNDLE_IDENTIFIER = dev.eventsignup.EventSignupAppUITests;
				SDKROOT = iphoneos;
				TARGETED_DEVICE_FAMILY = "1,2";
				TEST_TARGET_NAME = EventSignupApp;
			};
			name = Debug;
		};
		AC4B7F105A26ECE9B4579849 /* Release */ = {
			isa = XCBuildConfiguration;
			buildSettings = {
				ALWAYS_SEARCH_USER_PATHS = NO;
				CLANG_ANALYZER_NONNULL = YES;
				CLANG_ANALYZER_NUMBER_OBJECT_CONVERSION = YES_AGGRESSIVE;
				CLANG_CXX_LANGUAGE_STANDARD = "gnu++14";
				CLANG_CXX_LIBRARY = "libc++";
				CLANG_ENABLE_MODULES = YES;
				CLANG_ENABLE_OBJC_ARC = YES;
				CLANG_ENABLE_OBJC_WEAK = YES;
				CLANG_WARN_BLOCK_CAPTURE_AUTORELEASING = YES;
				CLANG_WARN_BOOL_CONVERSION = YES;
				CLANG_WARN_COMMA = YES;
				CLANG_WARN_CONSTANT_CONVERSION = YES;
				CLANG_WARN_DEPRECATED_OBJC_IMPLEMENTATIONS = YES;
				CLANG_WARN_DIRECT_OBJC_ISA_USAGE = YES_ERROR;
				CLANG_WARN_DOCUMENTATION_COMMENTS = YES;
				CLANG_WARN_EMPTY_BODY = YES;
				CLANG_WARN_ENUM_CONVERSION = YES;
				CLANG_WARN_INFINITE_RECURSION = YES;
				CLANG_WARN_INT_CONVERSION = YES;
				CLANG_WARN_NON_LITERAL_NULL_CONVERSION = YES;
				CLANG_WARN_OBJC_IMPLICIT_RETAIN_SELF = YES;
				CLANG_WARN_OBJC_LITERAL_CONVERSION = YES;
				CLANG_WARN_OBJC_ROOT_CLASS = YES_ERROR;
				CLANG_WARN_QUOTED_INCLUDE_IN_FRAMEWORK_HEADER = YES;
				CLANG_WARN_RANGE_LOOP_ANALYSIS = YES;
				CLANG_WARN_STRICT_PROTOTYPES = YES;
				CLANG_WARN_SUSPICIOUS_MOVE = YES;
				CLANG_WARN_UNGUARDED_AVAILABILITY = YES_AGGRESSIVE;
				CLANG_WARN_UNREACHABLE_CODE = YES;
				CLANG_WARN__DUPLICATE_METHOD_MATCH = YES;
				COPY_PHASE_STRIP = NO;
				DEBUG_INFORMATION_FORMAT = "dwarf-with-dsym";
				ENABLE_NS_ASSERTIONS = NO;
				ENABLE_STRICT_OBJC_MSGSEND = YES;
				GCC_C_LANGUAGE_STANDARD = gnu11;
				GCC_NO_COMMON_BLOCKS = YES;
				GCC_WARN_64_TO_32_BIT_CONVERSION = YES;
				GCC_WARN_ABOUT_RETURN_TYPE = YES_ERROR;
				GCC_WARN_UNDECLARED_SELECTOR = YES;
				GCC_WARN_UNINITIALIZED_AUTOS = YES_AGGRESSIVE;
				GCC_WARN_UNUSED_FUNCTION = YES;
				GCC_WARN_UNUSED_VARIABLE = YES;
				IPHONEOS_DEPLOYMENT_TARGET = 17.0;
				MTL_ENABLE_DEBUG_INFO = NO;
				MTL_FAST_MATH = YES;
				PRODUCT_NAME = "$(TARGET_NAME)";
				SDKROOT = iphoneos;
				SWIFT_COMPILATION_MODE = wholemodule;
				SWIFT_OPTIMIZATION_LEVEL = "-O";
				SWIFT_VERSION = 5.0;
			};
			name = Release;
		};
		DF780D66E6420D4561C8D230 /* Debug */ = {
			isa = XCBuildConfiguration;
			buildSettings = {
				ALWAYS_SEARCH_USER_PATHS = NO;
				CLANG_ANALYZER_NONNULL = YES;
				CLANG_ANALYZER_NUMBER_OBJECT_CONVERSION = YES_AGGRESSIVE;
				CLANG_CXX_LANGUAGE_STANDARD = "gnu++14";
				CLANG_CXX_LIBRARY = "libc++";
				CLANG_ENABLE_MODULES = YES;
				CLANG_ENABLE_OBJC_ARC = YES;
				CLANG_ENABLE_OBJC_WEAK = YES;
				CLANG_WARN_BLOCK_CAPTURE_AUTORELEASING = YES;
				CLANG_WARN_BOOL_CONVERSION = YES;
				CLANG_WARN_COMMA = YES;
				CLANG_WARN_CONSTANT_CONVERSION = YES;
				CLANG_WARN_DEPRECATED_OBJC_IMPLEMENTATIONS = YES;
				CLANG_WARN_DIRECT_OBJC_ISA_USAGE = YES_ERROR;
				CLANG_WARN_DOCUMENTATION_COMMENTS = YES;
				CLANG_WARN_EMPTY_BODY = YES;
				CLANG_WARN_ENUM_CONVERSION = YES;
				CLANG_WARN_INFINITE_RECURSION = YES;
				CLANG_WARN_INT_CONVERSION = YES;
				CLANG_WARN_NON_LITERAL_NULL_CONVERSION = YES;
				CLANG_WARN_OBJC_IMPLICIT_RETAIN_SELF = YES;
				CLANG_WARN_OBJC_LITERAL_CONVERSION = YES;
				CLANG_WARN_OBJC_ROOT_CLASS = YES_ERROR;
				CLANG_WARN_QUOTED_INCLUDE_IN_FRAMEWORK_HEADER = YES;
				CLANG_WARN_RANGE_LOOP_ANALYSIS = YES;
				CLANG_WARN_STRICT_PROTOTYPES = YES;
				CLANG_WARN_SUSPICIOUS_MOVE = YES;
				CLANG_WARN_UNGUARDED_AVAILABILITY = YES_AGGRESSIVE;
				CLANG_WARN_UNREACHABLE_CODE = YES;
				CLANG_WARN__DUPLICATE_METHOD_MATCH = YES;
				COPY_PHASE_STRIP = NO;
				DEBUG_INFORMATION_FORMAT = dwarf;
				ENABLE_STRICT_OBJC_MSGSEND = YES;
				ENABLE_TESTABILITY = YES;
				GCC_C_LANGUAGE_STANDARD = gnu11;
				GCC_DYNAMIC_NO_PIC = NO;
				GCC_NO_COMMON_BLOCKS = YES;
				GCC_OPTIMIZATION_LEVEL = 0;
				GCC_PREPROCESSOR_DEFINITIONS = (
					"$(inherited)",
					"DEBUG=1",
				);
				GCC_WARN_64_TO_32_BIT_CONVERSION = YES;
				GCC_WARN_ABOUT_RETURN_TYPE = YES_ERROR;
				GCC_WARN_UNDECLARED_SELECTOR = YES;
				GCC_WARN_UNINITIALIZED_AUTOS = YES_AGGRESSIVE;
				GCC_WARN_UNUSED_FUNCTION = YES;
				GCC_WARN_UNUSED_VARIABLE = YES;
				IPHONEOS_DEPLOYMENT_TARGET = 17.0;
				MTL_ENABLE_DEBUG_INFO = INCLUDE_SOURCE;
				MTL_FAST_MATH = YES;
				ONLY_ACTIVE_ARCH = YES;
				PRODUCT_NAME = "$(TARGET_NAME)";
				SDKROOT = iphoneos;
				SWIFT_ACTIVE_COMPILATION_CONDITIONS = DEBUG;
				SWIFT_OPTIMIZATION_LEVEL = "-Onone";
				SWIFT_VERSION = 5.0;
			};
			name = Debug;
		};
/* End XCBuildConfiguration section */

/* Begin XCConfigurationList section */
		18EA6253D982D491D6FC9582 /* Build configuration list for PBXNativeTarget "EventSignupAppUITests" */ = {
			isa = XCConfigurationList;
			buildConfigurations = (
				9F925EB5332FFC5E0723E249 /* Debug */,
				3349449D0A7E9617F1F17AEB /* Release */,
			);
			defaultConfigurationIsVisible = 0;
			defaultConfigurationName = Debug;
		};
		1DE83B3360CD8E36E5F7B78F /* Build configuration list for PBXProject "EventSignupApp" */ = {
			isa = XCConfigurationList;
			buildConfigurations = (
				DF780D66E6420D4561C8D230 /* Debug */,
				AC4B7F105A26ECE9B4579849 /* Release */,
			);
			defaultConfigurationIsVisible = 0;
			defaultConfigurationName = Debug;
		};
		C26E09504E0BD919CEF6519A /* Build configuration list for PBXNativeTarget "EventSignupApp" */ = {
			isa = XCConfigurationList;
			buildConfigurations = (
				55E0DEF081197DE8FB6670DF /* Debug */,
				0F2CA08712014283077818FD /* Release */,
			);
			defaultConfigurationIsVisible = 0;
			defaultConfigurationName = Debug;
		};
/* End XCConfigurationList section */

/* Begin XCLocalSwiftPackageReference section */
		E3CA68D567910772985C3C5F /* XCLocalSwiftPackageReference "../EventSignup" */ = {
			isa = XCLocalSwiftPackageReference;
			relativePath = ../EventSignup;
		};
/* End XCLocalSwiftPackageReference section */

/* Begin XCSwiftPackageProductDependency section */
		D7C8B6035D21F2F4CD58D342 /* EventSignup */ = {
			isa = XCSwiftPackageProductDependency;
			productName = EventSignup;
		};
/* End XCSwiftPackageProductDependency section */
	};
	rootObject = EC6FDC62689CD3001C13ED72 /* Project object */;
}
